# This file is automatically @generated by Poetry 1.8.3 and should not be changed by hand.

[[package]]
name = "aiodynamo"
version = "24.7"
description = "Asyncio DynamoDB client"
optional = false
python-versions = "<4.0,>=3.8"
files = [
    {file = "aiodynamo-24.7-py3-none-any.whl", hash = "sha256:4749855dad14e0fe96b09e2d3604582f4bad156b18da90f9612260fd06523913"},
    {file = "aiodynamo-24.7.tar.gz", hash = "sha256:6b34c1505a4aca372d60d140b9cbe7934650d1daa360e55a1e090d86af871dbb"},
]

[package.dependencies]
httpx = {version = ">=0.15.0,<1.0.0", optional = true, markers = "extra == \"httpx\""}
yarl = ">=1.4.2,<2.0.0"

[package.extras]
aiohttp = ["aiohttp (>=3.6.2,<4.0.0)"]
httpx = ["httpx (>=0.15.0,<1.0.0)"]

[[package]]
name = "anyio"
version = "4.4.0"
description = "High level compatibility layer for multiple asynchronous event loop implementations"
optional = false
python-versions = ">=3.8"
files = [
    {file = "anyio-4.4.0-py3-none-any.whl", hash = "sha256:c1b2d8f46a8a812513012e1107cb0e68c17159a7a594208005a57dc776e1bdc7"},
    {file = "anyio-4.4.0.tar.gz", hash = "sha256:5aadc6a1bbb7cdb0bede386cac5e2940f5e2ff3aa20277e991cf028e0585ce94"},
]

[package.dependencies]
idna = ">=2.8"
sniffio = ">=1.1"

[package.extras]
doc = ["Sphinx (>=7)", "packaging", "sphinx-autodoc-typehints (>=1.2.0)", "sphinx-rtd-theme"]
test = ["anyio[trio]", "coverage[toml] (>=7)", "exceptiongroup (>=1.2.0)", "hypothesis (>=4.0)", "psutil (>=5.9)", "pytest (>=7.0)", "pytest-mock (>=3.6.1)", "trustme", "uvloop (>=0.17)"]
trio = ["trio (>=0.23)"]

[[package]]
name = "certifi"
version = "2024.8.30"
description = "Python package for providing Mozilla's CA Bundle."
optional = false
python-versions = ">=3.6"
files = [
    {file = "certifi-2024.8.30-py3-none-any.whl", hash = "sha256:922820b53db7a7257ffbda3f597266d435245903d80737e34f8a45ff3e3230d8"},
    {file = "certifi-2024.8.30.tar.gz", hash = "sha256:bec941d2aa8195e248a60b31ff9f0558284cf01a52591ceda73ea9afffd69fd9"},
]

[[package]]
name = "h11"
version = "0.14.0"
description = "A pure-Python, bring-your-own-I/O implementation of HTTP/1.1"
optional = false
python-versions = ">=3.7"
files = [
    {file = "h11-0.14.0-py3-none-any.whl", hash = "sha256:e3fe4ac4b851c468cc8363d500db52c2ead036020723024a109d37346efaa761"},
    {file = "h11-0.14.0.tar.gz", hash = "sha256:8f19fbbe99e72420ff35c00b27a34cb9937e902a8b810e2c88300c6f0a3b699d"},
]

[[package]]
name = "httpcore"
version = "1.0.5"
description = "A minimal low-level HTTP client."
optional = false
python-versions = ">=3.8"
files = [
    {file = "httpcore-1.0.5-py3-none-any.whl", hash = "sha256:421f18bac248b25d310f3cacd198d55b8e6125c107797b609ff9b7a6ba7991b5"},
    {file = "httpcore-1.0.5.tar.gz", hash = "sha256:34a38e2f9291467ee3b44e89dd52615370e152954ba21721378a87b2960f7a61"},
]

[package.dependencies]
certifi = "*"
h11 = ">=0.13,<0.15"

[package.extras]
asyncio = ["anyio (>=4.0,<5.0)"]
http2 = ["h2 (>=3,<5)"]
socks = ["socksio (==1.*)"]
trio = ["trio (>=0.22.0,<0.26.0)"]

[[package]]
name = "httpx"
version = "0.27.2"
description = "The next generation HTTP client."
optional = false
python-versions = ">=3.8"
files = [
    {file = "httpx-0.27.2-py3-none-any.whl", hash = "sha256:7bb2708e112d8fdd7829cd4243970f0c223274051cb35ee80c03301ee29a3df0"},
    {file = "httpx-0.27.2.tar.gz", hash = "sha256:f7c2be1d2f3c3c3160d441802406b206c2b76f5947b11115e6df10c6c65e66c2"},
]

[package.dependencies]
anyio = "*"
certifi = "*"
httpcore = "==1.*"
idna = "*"
sniffio = "*"

[package.extras]
brotli = ["brotli", "brotlicffi"]
cli = ["click (==8.*)", "pygments (==2.*)", "rich (>=10,<14)"]
http2 = ["h2 (>=3,<5)"]
socks = ["socksio (==1.*)"]
zstd = ["zstandard (>=0.18.0)"]

[[package]]
name = "idna"
version = "3.8"
description = "Internationalized Domain Names in Applications (IDNA)"
optional = false
python-versions = ">=3.6"
files = [
    {file = "idna-3.8-py3-none-any.whl", hash = "sha256:050b4e5baadcd44d760cedbd2b8e639f2ff89bbc7a5730fcc662954303377aac"},
    {file = "idna-3.8.tar.gz", hash = "sha256:d838c2c0ed6fced7693d5e8ab8e734d5f8fda53a039c0164afb0b82e771e3603"},
]

[[package]]
name = "multidict"
version = "6.0.5"
description = "multidict implementation"
optional = false
python-versions = ">=3.7"
files = [
    {file = "multidict-6.0.5-cp310-cp310-macosx_10_9_universal2.whl", hash = "sha256:228b644ae063c10e7f324ab1ab6b548bdf6f8b47f3ec234fef1093bc2735e5f9"},
    {file = "multidict-6.0.5-cp310-cp310-macosx_10_9_x86_64.whl", hash = "sha256:896ebdcf62683551312c30e20614305f53125750803b614e9e6ce74a96232604"},
    {file = "multidict-6.0.5-cp310-cp310-macosx_11_0_arm64.whl", hash = "sha256:411bf8515f3be9813d06004cac41ccf7d1cd46dfe233705933dd163b60e37600"},
    {file = "multidict-6.0.5-cp310-cp310-manylinux_2_17_aarch64.manylinux2014_aarch64.whl", hash = "sha256:1d147090048129ce3c453f0292e7697d333db95e52616b3793922945804a433c"},
    {file = "multidict-6.0.5-cp310-cp310-manylinux_2_17_ppc64le.manylinux2014_ppc64le.whl", hash = "sha256:215ed703caf15f578dca76ee6f6b21b7603791ae090fbf1ef9d865571039ade5"},
    {file = "multidict-6.0.5-cp310-cp310-manylinux_2_17_s390x.manylinux2014_s390x.whl", hash = "sha256:7c6390cf87ff6234643428991b7359b5f59cc15155695deb4eda5c777d2b880f"},
    {file = "multidict-6.0.5-cp310-cp310-manylinux_2_17_x86_64.manylinux2014_x86_64.whl", hash = "sha256:21fd81c4ebdb4f214161be351eb5bcf385426bf023041da2fd9e60681f3cebae"},
    {file = "multidict-6.0.5-cp310-cp310-manylinux_2_5_i686.manylinux1_i686.manylinux_2_17_i686.manylinux2014_i686.whl", hash = "sha256:3cc2ad10255f903656017363cd59436f2111443a76f996584d1077e43ee51182"},
    {file = "multidict-6.0.5-cp310-cp310-musllinux_1_1_aarch64.whl", hash = "sha256:6939c95381e003f54cd4c5516740faba40cf5ad3eeff460c3ad1d3e0ea2549bf"},
    {file = "multidict-6.0.5-cp310-cp310-musllinux_1_1_i686.whl", hash = "sha256:220dd781e3f7af2c2c1053da9fa96d9cf3072ca58f057f4c5adaaa1cab8fc442"},
    {file = "multidict-6.0.5-cp310-cp310-musllinux_1_1_ppc64le.whl", hash = "sha256:766c8f7511df26d9f11cd3a8be623e59cca73d44643abab3f8c8c07620524e4a"},
    {file = "multidict-6.0.5-cp310-cp310-musllinux_1_1_s390x.whl", hash = "sha256:fe5d7785250541f7f5019ab9cba2c71169dc7d74d0f45253f8313f436458a4ef"},
    {file = "multidict-6.0.5-cp310-cp310-musllinux_1_1_x86_64.whl", hash = "sha256:c1c1496e73051918fcd4f58ff2e0f2f3066d1c76a0c6aeffd9b45d53243702cc"},
    {file = "multidict-6.0.5-cp310-cp310-win32.whl", hash = "sha256:7afcdd1fc07befad18ec4523a782cde4e93e0a2bf71239894b8d61ee578c1319"},
    {file = "multidict-6.0.5-cp310-cp310-win_amd64.whl", hash = "sha256:99f60d34c048c5c2fabc766108c103612344c46e35d4ed9ae0673d33c8fb26e8"},
    {file = "multidict-6.0.5-cp311-cp311-macosx_10_9_universal2.whl", hash = "sha256:f285e862d2f153a70586579c15c44656f888806ed0e5b56b64489afe4a2dbfba"},
    {file = "multidict-6.0.5-cp311-cp311-macosx_10_9_x86_64.whl", hash = "sha256:53689bb4e102200a4fafa9de9c7c3c212ab40a7ab2c8e474491914d2305f187e"},
    {file = "multidict-6.0.5-cp311-cp311-macosx_11_0_arm64.whl", hash = "sha256:612d1156111ae11d14afaf3a0669ebf6c170dbb735e510a7438ffe2369a847fd"},
    {file = "multidict-6.0.5-cp311-cp311-manylinux_2_17_aarch64.manylinux2014_aarch64.whl", hash = "sha256:7be7047bd08accdb7487737631d25735c9a04327911de89ff1b26b81745bd4e3"},
    {file = "multidict-6.0.5-cp311-cp311-manylinux_2_17_ppc64le.manylinux2014_ppc64le.whl", hash = "sha256:de170c7b4fe6859beb8926e84f7d7d6c693dfe8e27372ce3b76f01c46e489fcf"},
    {file = "multidict-6.0.5-cp311-cp311-manylinux_2_17_s390x.manylinux2014_s390x.whl", hash = "sha256:04bde7a7b3de05732a4eb39c94574db1ec99abb56162d6c520ad26f83267de29"},
    {file = "multidict-6.0.5-cp311-cp311-manylinux_2_17_x86_64.manylinux2014_x86_64.whl", hash = "sha256:85f67aed7bb647f93e7520633d8f51d3cbc6ab96957c71272b286b2f30dc70ed"},
    {file = "multidict-6.0.5-cp311-cp311-manylinux_2_5_i686.manylinux1_i686.manylinux_2_17_i686.manylinux2014_i686.whl", hash = "sha256:425bf820055005bfc8aa9a0b99ccb52cc2f4070153e34b701acc98d201693733"},
    {file = "multidict-6.0.5-cp311-cp311-musllinux_1_1_aarch64.whl", hash = "sha256:d3eb1ceec286eba8220c26f3b0096cf189aea7057b6e7b7a2e60ed36b373b77f"},
    {file = "multidict-6.0.5-cp311-cp311-musllinux_1_1_i686.whl", hash = "sha256:7901c05ead4b3fb75113fb1dd33eb1253c6d3ee37ce93305acd9d38e0b5f21a4"},
    {file = "multidict-6.0.5-cp311-cp311-musllinux_1_1_ppc64le.whl", hash = "sha256:e0e79d91e71b9867c73323a3444724d496c037e578a0e1755ae159ba14f4f3d1"},
    {file = "multidict-6.0.5-cp311-cp311-musllinux_1_1_s390x.whl", hash = "sha256:29bfeb0dff5cb5fdab2023a7a9947b3b4af63e9c47cae2a10ad58394b517fddc"},
    {file = "multidict-6.0.5-cp311-cp311-musllinux_1_1_x86_64.whl", hash = "sha256:e030047e85cbcedbfc073f71836d62dd5dadfbe7531cae27789ff66bc551bd5e"},
    {file = "multidict-6.0.5-cp311-cp311-win32.whl", hash = "sha256:2f4848aa3baa109e6ab81fe2006c77ed4d3cd1e0ac2c1fbddb7b1277c168788c"},
    {file = "multidict-6.0.5-cp311-cp311-win_amd64.whl", hash = "sha256:2faa5ae9376faba05f630d7e5e6be05be22913782b927b19d12b8145968a85ea"},
    {file = "multidict-6.0.5-cp312-cp312-macosx_10_9_universal2.whl", hash = "sha256:51d035609b86722963404f711db441cf7134f1889107fb171a970c9701f92e1e"},
    {file = "multidict-6.0.5-cp312-cp312-macosx_10_9_x86_64.whl", hash = "sha256:cbebcd5bcaf1eaf302617c114aa67569dd3f090dd0ce8ba9e35e9985b41ac35b"},
    {file = "multidict-6.0.5-cp312-cp312-macosx_11_0_arm64.whl", hash = "sha256:2ffc42c922dbfddb4a4c3b438eb056828719f07608af27d163191cb3e3aa6cc5"},
    {file = "multidict-6.0.5-cp312-cp312-manylinux_2_17_aarch64.manylinux2014_aarch64.whl", hash = "sha256:ceb3b7e6a0135e092de86110c5a74e46bda4bd4fbfeeb3a3bcec79c0f861e450"},
    {file = "multidict-6.0.5-cp312-cp312-manylinux_2_17_ppc64le.manylinux2014_ppc64le.whl", hash = "sha256:79660376075cfd4b2c80f295528aa6beb2058fd289f4c9252f986751a4cd0496"},
    {file = "multidict-6.0.5-cp312-cp312-manylinux_2_17_s390x.manylinux2014_s390x.whl", hash = "sha256:e4428b29611e989719874670fd152b6625500ad6c686d464e99f5aaeeaca175a"},
    {file = "multidict-6.0.5-cp312-cp312-manylinux_2_17_x86_64.manylinux2014_x86_64.whl", hash = "sha256:d84a5c3a5f7ce6db1f999fb9438f686bc2e09d38143f2d93d8406ed2dd6b9226"},
    {file = "multidict-6.0.5-cp312-cp312-manylinux_2_5_i686.manylinux1_i686.manylinux_2_17_i686.manylinux2014_i686.whl", hash = "sha256:76c0de87358b192de7ea9649beb392f107dcad9ad27276324c24c91774ca5271"},
    {file = "multidict-6.0.5-cp312-cp312-musllinux_1_1_aarch64.whl", hash = "sha256:79a6d2ba910adb2cbafc95dad936f8b9386e77c84c35bc0add315b856d7c3abb"},
    {file = "multidict-6.0.5-cp312-cp312-musllinux_1_1_i686.whl", hash = "sha256:92d16a3e275e38293623ebf639c471d3e03bb20b8ebb845237e0d3664914caef"},
    {file = "multidict-6.0.5-cp312-cp312-musllinux_1_1_ppc64le.whl", hash = "sha256:fb616be3538599e797a2017cccca78e354c767165e8858ab5116813146041a24"},
    {file = "multidict-6.0.5-cp312-cp312-musllinux_1_1_s390x.whl", hash = "sha256:14c2976aa9038c2629efa2c148022ed5eb4cb939e15ec7aace7ca932f48f9ba6"},
    {file = "multidict-6.0.5-cp312-cp312-musllinux_1_1_x86_64.whl", hash = "sha256:435a0984199d81ca178b9ae2c26ec3d49692d20ee29bc4c11a2a8d4514c67eda"},
    {file = "multidict-6.0.5-cp312-cp312-win32.whl", hash = "sha256:9fe7b0653ba3d9d65cbe7698cca585bf0f8c83dbbcc710db9c90f478e175f2d5"},
    {file = "multidict-6.0.5-cp312-cp312-win_amd64.whl", hash = "sha256:01265f5e40f5a17f8241d52656ed27192be03bfa8764d88e8220141d1e4b3556"},
    {file = "multidict-6.0.5-cp37-cp37m-macosx_10_9_x86_64.whl", hash = "sha256:19fe01cea168585ba0f678cad6f58133db2aa14eccaf22f88e4a6dccadfad8b3"},
    {file = "multidict-6.0.5-cp37-cp37m-manylinux_2_17_aarch64.manylinux2014_aarch64.whl", hash = "sha256:6bf7a982604375a8d49b6cc1b781c1747f243d91b81035a9b43a2126c04766f5"},
    {file = "multidict-6.0.5-cp37-cp37m-manylinux_2_17_ppc64le.manylinux2014_ppc64le.whl", hash = "sha256:107c0cdefe028703fb5dafe640a409cb146d44a6ae201e55b35a4af8e95457dd"},
    {file = "multidict-6.0.5-cp37-cp37m-manylinux_2_17_s390x.manylinux2014_s390x.whl", hash = "sha256:403c0911cd5d5791605808b942c88a8155c2592e05332d2bf78f18697a5fa15e"},
    {file = "multidict-6.0.5-cp37-cp37m-manylinux_2_17_x86_64.manylinux2014_x86_64.whl", hash = "sha256:aeaf541ddbad8311a87dd695ed9642401131ea39ad7bc8cf3ef3967fd093b626"},
    {file = "multidict-6.0.5-cp37-cp37m-manylinux_2_5_i686.manylinux1_i686.manylinux_2_17_i686.manylinux2014_i686.whl", hash = "sha256:e4972624066095e52b569e02b5ca97dbd7a7ddd4294bf4e7247d52635630dd83"},
    {file = "multidict-6.0.5-cp37-cp37m-musllinux_1_1_aarch64.whl", hash = "sha256:d946b0a9eb8aaa590df1fe082cee553ceab173e6cb5b03239716338629c50c7a"},
    {file = "multidict-6.0.5-cp37-cp37m-musllinux_1_1_i686.whl", hash = "sha256:b55358304d7a73d7bdf5de62494aaf70bd33015831ffd98bc498b433dfe5b10c"},
    {file = "multidict-6.0.5-cp37-cp37m-musllinux_1_1_ppc64le.whl", hash = "sha256:a3145cb08d8625b2d3fee1b2d596a8766352979c9bffe5d7833e0503d0f0b5e5"},
    {file = "multidict-6.0.5-cp37-cp37m-musllinux_1_1_s390x.whl", hash = "sha256:d65f25da8e248202bd47445cec78e0025c0fe7582b23ec69c3b27a640dd7a8e3"},
    {file = "multidict-6.0.5-cp37-cp37m-musllinux_1_1_x86_64.whl", hash = "sha256:c9bf56195c6bbd293340ea82eafd0071cb3d450c703d2c93afb89f93b8386ccc"},
    {file = "multidict-6.0.5-cp37-cp37m-win32.whl", hash = "sha256:69db76c09796b313331bb7048229e3bee7928eb62bab5e071e9f7fcc4879caee"},
    {file = "multidict-6.0.5-cp37-cp37m-win_amd64.whl", hash = "sha256:fce28b3c8a81b6b36dfac9feb1de115bab619b3c13905b419ec71d03a3fc1423"},
    {file = "multidict-6.0.5-cp38-cp38-macosx_10_9_universal2.whl", hash = "sha256:76f067f5121dcecf0d63a67f29080b26c43c71a98b10c701b0677e4a065fbd54"},
    {file = "multidict-6.0.5-cp38-cp38-macosx_10_9_x86_64.whl", hash = "sha256:b82cc8ace10ab5bd93235dfaab2021c70637005e1ac787031f4d1da63d493c1d"},
    {file = "multidict-6.0.5-cp38-cp38-macosx_11_0_arm64.whl", hash = "sha256:5cb241881eefd96b46f89b1a056187ea8e9ba14ab88ba632e68d7a2ecb7aadf7"},
    {file = "multidict-6.0.5-cp38-cp38-manylinux_2_17_aarch64.manylinux2014_aarch64.whl", hash = "sha256:e8e94e6912639a02ce173341ff62cc1201232ab86b8a8fcc05572741a5dc7d93"},
    {file = "multidict-6.0.5-cp38-cp38-manylinux_2_17_ppc64le.manylinux2014_ppc64le.whl", hash = "sha256:09a892e4a9fb47331da06948690ae38eaa2426de97b4ccbfafbdcbe5c8f37ff8"},
    {file = "multidict-6.0.5-cp38-cp38-manylinux_2_17_s390x.manylinux2014_s390x.whl", hash = "sha256:55205d03e8a598cfc688c71ca8ea5f66447164efff8869517f175ea632c7cb7b"},
    {file = "multidict-6.0.5-cp38-cp38-manylinux_2_17_x86_64.manylinux2014_x86_64.whl", hash = "sha256:37b15024f864916b4951adb95d3a80c9431299080341ab9544ed148091b53f50"},
    {file = "multidict-6.0.5-cp38-cp38-manylinux_2_5_i686.manylinux1_i686.manylinux_2_17_i686.manylinux2014_i686.whl", hash = "sha256:f2a1dee728b52b33eebff5072817176c172050d44d67befd681609b4746e1c2e"},
    {file = "multidict-6.0.5-cp38-cp38-musllinux_1_1_aarch64.whl", hash = "sha256:edd08e6f2f1a390bf137080507e44ccc086353c8e98c657e666c017718561b89"},
    {file = "multidict-6.0.5-cp38-cp38-musllinux_1_1_i686.whl", hash = "sha256:60d698e8179a42ec85172d12f50b1668254628425a6bd611aba022257cac1386"},
    {file = "multidict-6.0.5-cp38-cp38-musllinux_1_1_ppc64le.whl", hash = "sha256:3d25f19500588cbc47dc19081d78131c32637c25804df8414463ec908631e453"},
    {file = "multidict-6.0.5-cp38-cp38-musllinux_1_1_s390x.whl", hash = "sha256:4cc0ef8b962ac7a5e62b9e826bd0cd5040e7d401bc45a6835910ed699037a461"},
    {file = "multidict-6.0.5-cp38-cp38-musllinux_1_1_x86_64.whl", hash = "sha256:eca2e9d0cc5a889850e9bbd68e98314ada174ff6ccd1129500103df7a94a7a44"},
    {file = "multidict-6.0.5-cp38-cp38-win32.whl", hash = "sha256:4a6a4f196f08c58c59e0b8ef8ec441d12aee4125a7d4f4fef000ccb22f8d7241"},
    {file = "multidict-6.0.5-cp38-cp38-win_amd64.whl", hash = "sha256:0275e35209c27a3f7951e1ce7aaf93ce0d163b28948444bec61dd7badc6d3f8c"},
    {file = "multidict-6.0.5-cp39-cp39-macosx_10_9_universal2.whl", hash = "sha256:e7be68734bd8c9a513f2b0cfd508802d6609da068f40dc57d4e3494cefc92929"},
    {file = "multidict-6.0.5-cp39-cp39-macosx_10_9_x86_64.whl", hash = "sha256:1d9ea7a7e779d7a3561aade7d596649fbecfa5c08a7674b11b423783217933f9"},
    {file = "multidict-6.0.5-cp39-cp39-macosx_11_0_arm64.whl", hash = "sha256:ea1456df2a27c73ce51120fa2f519f1bea2f4a03a917f4a43c8707cf4cbbae1a"},
    {file = "multidict-6.0.5-cp39-cp39-manylinux_2_17_aarch64.manylinux2014_aarch64.whl", hash = "sha256:cf590b134eb70629e350691ecca88eac3e3b8b3c86992042fb82e3cb1830d5e1"},
    {file = "multidict-6.0.5-cp39-cp39-manylinux_2_17_ppc64le.manylinux2014_ppc64le.whl", hash = "sha256:5c0631926c4f58e9a5ccce555ad7747d9a9f8b10619621f22f9635f069f6233e"},
    {file = "multidict-6.0.5-cp39-cp39-manylinux_2_17_s390x.manylinux2014_s390x.whl", hash = "sha256:dce1c6912ab9ff5f179eaf6efe7365c1f425ed690b03341911bf4939ef2f3046"},
    {file = "multidict-6.0.5-cp39-cp39-manylinux_2_17_x86_64.manylinux2014_x86_64.whl", hash = "sha256:c0868d64af83169e4d4152ec612637a543f7a336e4a307b119e98042e852ad9c"},
    {file = "multidict-6.0.5-cp39-cp39-manylinux_2_5_i686.manylinux1_i686.manylinux_2_17_i686.manylinux2014_i686.whl", hash = "sha256:141b43360bfd3bdd75f15ed811850763555a251e38b2405967f8e25fb43f7d40"},
    {file = "multidict-6.0.5-cp39-cp39-musllinux_1_1_aarch64.whl", hash = "sha256:7df704ca8cf4a073334e0427ae2345323613e4df18cc224f647f251e5e75a527"},
    {file = "multidict-6.0.5-cp39-cp39-musllinux_1_1_i686.whl", hash = "sha256:6214c5a5571802c33f80e6c84713b2c79e024995b9c5897f794b43e714daeec9"},
    {file = "multidict-6.0.5-cp39-cp39-musllinux_1_1_ppc64le.whl", hash = "sha256:cd6c8fca38178e12c00418de737aef1261576bd1b6e8c6134d3e729a4e858b38"},
    {file = "multidict-6.0.5-cp39-cp39-musllinux_1_1_s390x.whl", hash = "sha256:e02021f87a5b6932fa6ce916ca004c4d441509d33bbdbeca70d05dff5e9d2479"},
    {file = "multidict-6.0.5-cp39-cp39-musllinux_1_1_x86_64.whl", hash = "sha256:ebd8d160f91a764652d3e51ce0d2956b38efe37c9231cd82cfc0bed2e40b581c"},
    {file = "multidict-6.0.5-cp39-cp39-win32.whl", hash = "sha256:04da1bb8c8dbadf2a18a452639771951c662c5ad03aefe4884775454be322c9b"},
    {file = "multidict-6.0.5-cp39-cp39-win_amd64.whl", hash = "sha256:d6f6d4f185481c9669b9447bf9d9cf3b95a0e9df9d169bbc17e363b7d5487755"},
    {file = "multidict-6.0.5-py3-none-any.whl", hash = "sha256:0d63c74e3d7ab26de115c49bffc92cc77ed23395303d496eae515d4204a625e7"},
    {file = "multidict-6.0.5.tar.gz", hash = "sha256:f7e301075edaf50500f0b341543c41194d8df3ae5caf4702f2095f3ca73dd8da"},
]

[[package]]
name = "sniffio"
version = "1.3.1"
description = "Sniff out which async library your code is running under"
optional = false
python-versions = ">=3.7"
files = [
    {file = "sniffio-1.3.1-py3-none-any.whl", hash = "sha256:2f6da418d1f1e0fddd844478f41680e794e6051915791a034ff65e5f100525a2"},
    {file = "sniffio-1.3.1.tar.gz", hash = "sha256:f4324edc670a0f49750a81b895f35c3adb843cca46f0530f79fc1babb23789dc"},
]

[[package]]
name = "yarl"
version = "1.10.0"
description = "Yet another URL library"
optional = false
python-versions = ">=3.8"
files = [
    {file = "yarl-1.10.0-cp310-cp310-macosx_10_9_universal2.whl", hash = "sha256:1718c0bca5a61edac7a57dcc11856cb01bde13a9360a3cb6baf384b89cfc0b40"},
    {file = "yarl-1.10.0-cp310-cp310-macosx_10_9_x86_64.whl", hash = "sha256:e4657fd290d556a5f3018d07c7b7deadcb622760c0125277d10a11471c340054"},
    {file = "yarl-1.10.0-cp310-cp310-macosx_11_0_arm64.whl", hash = "sha256:044b76d069e69c6b0246f071ebac0576f89c772f806d66ef51e662bd015d03c7"},
    {file = "yarl-1.10.0-cp310-cp310-manylinux_2_17_aarch64.manylinux2014_aarch64.whl", hash = "sha256:c5527d32506c11150ca87f33820057dc284e2a01a87f0238555cada247a8b278"},
    {file = "yarl-1.10.0-cp310-cp310-manylinux_2_17_ppc64le.manylinux2014_ppc64le.whl", hash = "sha256:36d12d78b8b0d46099d413c8689b5510ad9ce5e443363d1c37b6ac5b3d7cbdfb"},
    {file = "yarl-1.10.0-cp310-cp310-manylinux_2_17_s390x.manylinux2014_s390x.whl", hash = "sha256:11f7f8a72b3e26c533fa7ffa7a8068f4e3aad7b67c5cf7b17ea8c79fc81d9830"},
    {file = "yarl-1.10.0-cp310-cp310-manylinux_2_17_x86_64.manylinux2014_x86_64.whl", hash = "sha256:88173836a25b7e5dce989eeee3b92d8ef5cdf512830d4155c6212de98e616f70"},
    {file = "yarl-1.10.0-cp310-cp310-manylinux_2_5_i686.manylinux1_i686.manylinux_2_17_i686.manylinux2014_i686.whl", hash = "sha256:c382e189af10070bcb39caa9406b9cc47b26c1d2257979f11fe03a38be09fea9"},
    {file = "yarl-1.10.0-cp310-cp310-musllinux_1_2_aarch64.whl", hash = "sha256:534b8bc181dca1691cf491c263e084af678a8fb6b6181687c788027d8c317026"},
    {file = "yarl-1.10.0-cp310-cp310-musllinux_1_2_i686.whl", hash = "sha256:5f3372f9ae1d1f001826b77d0b29d4220e84f6c5f53915e71a825cdd02600065"},
    {file = "yarl-1.10.0-cp310-cp310-musllinux_1_2_ppc64le.whl", hash = "sha256:4cca9ba00be4bb8a051c4007b60fc91d6c9728c8b70c86cee4c24be9d641002f"},
    {file = "yarl-1.10.0-cp310-cp310-musllinux_1_2_s390x.whl", hash = "sha256:a9d8c4be5658834dc688072239d220631ad4b71ff79a5f3d17fb653f16d10759"},
    {file = "yarl-1.10.0-cp310-cp310-musllinux_1_2_x86_64.whl", hash = "sha256:ff45a655ca51e1cb778abbb586083fddb7d896332f47bb3b03bc75e30c25649f"},
    {file = "yarl-1.10.0-cp310-cp310-win32.whl", hash = "sha256:9ef7ce61958b3c7b2e2e0927c52d35cf367c5ee410e06e1337ecc83a90c23b95"},
    {file = "yarl-1.10.0-cp310-cp310-win_amd64.whl", hash = "sha256:48a48261f8d610b0e15fed033e74798763bc2f8f2c0d769a2a0732511af71f1e"},
    {file = "yarl-1.10.0-cp311-cp311-macosx_10_9_universal2.whl", hash = "sha256:308d1cce071b5b500e3d95636bbf15dfdb8e87ed081b893555658a7f9869a156"},
    {file = "yarl-1.10.0-cp311-cp311-macosx_10_9_x86_64.whl", hash = "sha256:bc66927f6362ed613a483c22618f88f014994ccbd0b7a25ec1ebc8c472d4b40a"},
    {file = "yarl-1.10.0-cp311-cp311-macosx_11_0_arm64.whl", hash = "sha256:c4d13071c5b99974cfe2f94c749ecc4baf882f7c4b6e4c40ca3d15d1b7e81f24"},
    {file = "yarl-1.10.0-cp311-cp311-manylinux_2_17_aarch64.manylinux2014_aarch64.whl", hash = "sha256:348ad53acd41caa489df7db352d620c982ab069855d9635dda73d685bbbc3636"},
    {file = "yarl-1.10.0-cp311-cp311-manylinux_2_17_ppc64le.manylinux2014_ppc64le.whl", hash = "sha256:293f7c2b30d015de3f1441c4ee764963b86636fde881b4d6093498d1e8711f69"},
    {file = "yarl-1.10.0-cp311-cp311-manylinux_2_17_s390x.manylinux2014_s390x.whl", hash = "sha256:315e8853d0ea46aabdce01f1f248fff7b9743de89b555c5f0487f54ac84beae8"},
    {file = "yarl-1.10.0-cp311-cp311-manylinux_2_17_x86_64.manylinux2014_x86_64.whl", hash = "sha256:012c506b2c23be4500fb97509aa7e6a575996fb317b80667fa26899d456e2aaf"},
    {file = "yarl-1.10.0-cp311-cp311-manylinux_2_5_i686.manylinux1_i686.manylinux_2_17_i686.manylinux2014_i686.whl", hash = "sha256:5f769c2708c31227c5349c3e4c668c8b4b2e25af3e7263723f2ef33e8e3906a0"},
    {file = "yarl-1.10.0-cp311-cp311-musllinux_1_2_aarch64.whl", hash = "sha256:4f6ac063a4e9bbd4f6cc88cc621516a44d6aec66862ea8399ba063374e4b12c7"},
    {file = "yarl-1.10.0-cp311-cp311-musllinux_1_2_i686.whl", hash = "sha256:18b7ce6d8c35da8e16dcc8de124a80e250fc8c73f8c02663acf2485c874f1972"},
    {file = "yarl-1.10.0-cp311-cp311-musllinux_1_2_ppc64le.whl", hash = "sha256:b80246bdee036381636e73ef0f19b032912064622b0e5ee44f6960fd11df12aa"},
    {file = "yarl-1.10.0-cp311-cp311-musllinux_1_2_s390x.whl", hash = "sha256:183dd37bb5471e8017ab8a998c1ea070b4a0b08a97a7c4e20e0c7ccbe8ebb999"},
    {file = "yarl-1.10.0-cp311-cp311-musllinux_1_2_x86_64.whl", hash = "sha256:9b6d0d7522b514f054b359409817af4c5ed76fa4fe42d8bd1ed12956804cf595"},
    {file = "yarl-1.10.0-cp311-cp311-win32.whl", hash = "sha256:6026a6ef14d038a38ca9d81422db4b6bb7d5da94f9d08f21e0ad9ebd9c4bc3bb"},
    {file = "yarl-1.10.0-cp311-cp311-win_amd64.whl", hash = "sha256:190e70d2f9f16f1c9d666c103d635c9ed4bf8de7803e9fa0495eec405a3e96a8"},
    {file = "yarl-1.10.0-cp312-cp312-macosx_10_9_universal2.whl", hash = "sha256:6bc602c7413e1b5223bc988947125998cb54d6184de45a871985daacc23e6c8c"},
    {file = "yarl-1.10.0-cp312-cp312-macosx_10_9_x86_64.whl", hash = "sha256:bf733c835ebbd52bd78a52b919205e0f06d8571f71976a0259e5bcc20d0a2f44"},
    {file = "yarl-1.10.0-cp312-cp312-macosx_11_0_arm64.whl", hash = "sha256:6e91ed5f6818e1e3806eaeb7b14d9e17b90340f23089451ea59a89a29499d760"},
    {file = "yarl-1.10.0-cp312-cp312-manylinux_2_17_aarch64.manylinux2014_aarch64.whl", hash = "sha256:23057a004bc9735008eb2a04b6ce94c6c06219cdf2b193997fd3ae6039eb3196"},
    {file = "yarl-1.10.0-cp312-cp312-manylinux_2_17_ppc64le.manylinux2014_ppc64le.whl", hash = "sha256:2b922c32a1cff62bc43d408d1a8745abeed0a705793f2253c622bf3521922198"},
    {file = "yarl-1.10.0-cp312-cp312-manylinux_2_17_s390x.manylinux2014_s390x.whl", hash = "sha256:be199fed28861d72df917e355287ad6835555d8210e7f8203060561f24d7d842"},
    {file = "yarl-1.10.0-cp312-cp312-manylinux_2_17_x86_64.manylinux2014_x86_64.whl", hash = "sha256:5cece693380c1c4a606cdcaa0c54eda8f72cfe1ba83f5149b9023bb955e8fa8e"},
    {file = "yarl-1.10.0-cp312-cp312-manylinux_2_5_i686.manylinux1_i686.manylinux_2_17_i686.manylinux2014_i686.whl", hash = "sha256:ff8e803d8ca170e632fb3b4df1bfd29ba29be8edc3e9306c5ffa5fadea234a4f"},
    {file = "yarl-1.10.0-cp312-cp312-musllinux_1_2_aarch64.whl", hash = "sha256:30dde3a8b88c80a4f049eb4dd240d2a02e89174da6be2525541f949bf9fa38ab"},
    {file = "yarl-1.10.0-cp312-cp312-musllinux_1_2_i686.whl", hash = "sha256:dff84623e7098cf9bfbb5187f9883051af652b0ce08b9f7084cc8630b87b6457"},
    {file = "yarl-1.10.0-cp312-cp312-musllinux_1_2_ppc64le.whl", hash = "sha256:8e69b55965a47dd6c79e578abd7d85637b1bb4a7565436630826bdb28aa9b7ad"},
    {file = "yarl-1.10.0-cp312-cp312-musllinux_1_2_s390x.whl", hash = "sha256:5d0c9e1dcc92d46ca89608fe4763fc2362f1e81c19a922c67dbc0f20951466e4"},
    {file = "yarl-1.10.0-cp312-cp312-musllinux_1_2_x86_64.whl", hash = "sha256:32e79d5ae975f7c2cc29f7104691fc9be5ee3724f24e1a7254d72f6219672108"},
    {file = "yarl-1.10.0-cp312-cp312-win32.whl", hash = "sha256:762a196612c2aba4197cd271da65fe08308f7ddf130dc63842c7a76d774b6a2c"},
    {file = "yarl-1.10.0-cp312-cp312-win_amd64.whl", hash = "sha256:8c6214071f653d21bb7b43f7ee519afcbf7084263bb43408f4939d14558290db"},
    {file = "yarl-1.10.0-cp313-cp313-macosx_10_13_universal2.whl", hash = "sha256:0e0aea8319fdc1ac340236e58b0b7dc763621bce6ce98124a9d58104cafd0aaa"},
    {file = "yarl-1.10.0-cp313-cp313-macosx_10_13_x86_64.whl", hash = "sha256:0b3bf343b4ef9ec600d75363eb9b48ab3bd53b53d4e1c5a9fbf0cfe7ba73a47f"},
    {file = "yarl-1.10.0-cp313-cp313-macosx_11_0_arm64.whl", hash = "sha256:05b07e6e0f715eaae9d927a302d9220724392f3c0b4e7f8dfa174bf2e1b8433e"},
    {file = "yarl-1.10.0-cp313-cp313-manylinux_2_17_aarch64.manylinux2014_aarch64.whl", hash = "sha256:8d7bd531d7eec4aa7ef8a99fef91962eeea5158a53af0ec507c476ddf8ebc29c"},
    {file = "yarl-1.10.0-cp313-cp313-manylinux_2_17_ppc64le.manylinux2014_ppc64le.whl", hash = "sha256:183136dc5d5411872e7529c924189a2e26fac5a7f9769cf13ef854d1d653ad36"},
    {file = "yarl-1.10.0-cp313-cp313-manylinux_2_17_s390x.manylinux2014_s390x.whl", hash = "sha256:c77a3c10af4aaf8891578fe492ef0990c65cf7005dd371f5ea8007b420958bf6"},
    {file = "yarl-1.10.0-cp313-cp313-manylinux_2_17_x86_64.manylinux2014_x86_64.whl", hash = "sha256:030d41d48217b180c5a176e59c49d212d54d89f6f53640fa4c1a1766492aec27"},
    {file = "yarl-1.10.0-cp313-cp313-manylinux_2_5_i686.manylinux1_i686.manylinux_2_17_i686.manylinux2014_i686.whl", hash = "sha256:6f4f43ba30d604ba391bc7fe2dd104d6b87b62b0de4bbde79e362524b8a1eb75"},
    {file = "yarl-1.10.0-cp313-cp313-musllinux_1_2_aarch64.whl", hash = "sha256:637dd0f55d1781d4634c23994101c509e455b5ab61af9086b5763b7eca9359aa"},
    {file = "yarl-1.10.0-cp313-cp313-musllinux_1_2_i686.whl", hash = "sha256:99e7459ee86a3b81e57777afd3825b8b1acaac8a99f9c0bd02415d80eb3c371b"},
    {file = "yarl-1.10.0-cp313-cp313-musllinux_1_2_ppc64le.whl", hash = "sha256:a80cdb3c15c15b33ecdb080546dcb022789b0084ca66ad41ffa0fe09857fca11"},
    {file = "yarl-1.10.0-cp313-cp313-musllinux_1_2_s390x.whl", hash = "sha256:1824bfb932d8100e5c94f4f98c078f23ebc6f6fa93acc3d95408762089c54a06"},
    {file = "yarl-1.10.0-cp313-cp313-musllinux_1_2_x86_64.whl", hash = "sha256:90fd64ce00f594db02f603efa502521c440fa1afcf6266be82eb31f19d2d9561"},
    {file = "yarl-1.10.0-cp313-cp313-win32.whl", hash = "sha256:687131ee4d045f3d58128ca28f5047ec902f7760545c39bbe003cc737c5a02b5"},
    {file = "yarl-1.10.0-cp313-cp313-win_amd64.whl", hash = "sha256:493ad061ee025c5ed3a60893cd70204eead1b3f60ccc90682e752f95b845bd46"},
    {file = "yarl-1.10.0-cp38-cp38-macosx_10_9_universal2.whl", hash = "sha256:cd65588273d19f8483bc8f32a6fcf602e94a9a7ba287a1725977bd9527cd6c0c"},
    {file = "yarl-1.10.0-cp38-cp38-macosx_10_9_x86_64.whl", hash = "sha256:6f64f8681671624f539eea5564518bc924524c25eb90ab24a7eddc2d872e668e"},
    {file = "yarl-1.10.0-cp38-cp38-macosx_11_0_arm64.whl", hash = "sha256:3576ed2c51f8525d4ff5c3279247aacff9540bb43b292c4a37a8e6c6e1691adb"},
    {file = "yarl-1.10.0-cp38-cp38-manylinux_2_17_aarch64.manylinux2014_aarch64.whl", hash = "sha256:ca42a9281807fdf8fba86e671d8fdd76f92e9302a6d332957f2bae51c774f8a7"},
    {file = "yarl-1.10.0-cp38-cp38-manylinux_2_17_ppc64le.manylinux2014_ppc64le.whl", hash = "sha256:54a4b5e6a060d46cad6a3cf340f4cb268e6fbc89c589d82a2da58f7db47c47c8"},
    {file = "yarl-1.10.0-cp38-cp38-manylinux_2_17_s390x.manylinux2014_s390x.whl", hash = "sha256:6eec21d8c3aa932c5a89480b58fa877e9c48092ab838ccc76788cbc917ceec0d"},
    {file = "yarl-1.10.0-cp38-cp38-manylinux_2_17_x86_64.manylinux2014_x86_64.whl", hash = "sha256:273baee8a8af5989d5aab51c740e65bc2b1fc6619b9dd192cd16a3fae51100be"},
    {file = "yarl-1.10.0-cp38-cp38-manylinux_2_5_i686.manylinux1_i686.manylinux_2_17_i686.manylinux2014_i686.whl", hash = "sha256:c1bf63ba496cd4f12d30e916d9a52daa6c91433fedd9cd0d99fef3e13232836f"},
    {file = "yarl-1.10.0-cp38-cp38-musllinux_1_2_aarch64.whl", hash = "sha256:f8e24b9a4afdffab399191a9f0b0e80eabc7b7fdb9f2dbccdeb8e4d28e5c57bb"},
    {file = "yarl-1.10.0-cp38-cp38-musllinux_1_2_i686.whl", hash = "sha256:4c46454fafa31f7241083a0dd21814f63e0fcb4ae49662dc7e286fd6a5160ea1"},
    {file = "yarl-1.10.0-cp38-cp38-musllinux_1_2_ppc64le.whl", hash = "sha256:beda87b63c08fb4df8cc5353eeefe68efe12aa4f5284958bd1466b14c85e508e"},
    {file = "yarl-1.10.0-cp38-cp38-musllinux_1_2_s390x.whl", hash = "sha256:9a8d6a0e2b5617b5c15c59db25f20ba429f1fea810f2c09fbf93067cb21ab085"},
    {file = "yarl-1.10.0-cp38-cp38-musllinux_1_2_x86_64.whl", hash = "sha256:b453b3dbc1ed4c2907632d05b378123f3fb411cad05d8d96de7d95104ef11c70"},
    {file = "yarl-1.10.0-cp38-cp38-win32.whl", hash = "sha256:1ea30675fbf0ad6795c100da677ef6a8960a7db05ac5293f02a23c2230203c89"},
    {file = "yarl-1.10.0-cp38-cp38-win_amd64.whl", hash = "sha256:347011ad09a8f9be3d41fe2d7d611c3a4de4d49aa77bcb9a8c03c7a82fc45248"},
    {file = "yarl-1.10.0-cp39-cp39-macosx_10_9_universal2.whl", hash = "sha256:18bc4600eed1907762c1816bb16ac63bc52912e53b5e9a353eb0935a78e95496"},
    {file = "yarl-1.10.0-cp39-cp39-macosx_10_9_x86_64.whl", hash = "sha256:eeb6a40c5ae2616fd38c1e039c6dd50031bbfbc2acacfd7b70a5d64fafc70901"},
    {file = "yarl-1.10.0-cp39-cp39-macosx_11_0_arm64.whl", hash = "sha256:bc544248b5263e1c0f61332ccf35e37404b54213f77ed17457f857f40af51452"},
    {file = "yarl-1.10.0-cp39-cp39-manylinux_2_17_aarch64.manylinux2014_aarch64.whl", hash = "sha256:3352c69dc235850d6bf8ddad915931f00dcab208ac4248b9af46175204c2f5f9"},
    {file = "yarl-1.10.0-cp39-cp39-manylinux_2_17_ppc64le.manylinux2014_ppc64le.whl", hash = "sha256:af5b52bfbbd5eb208cf1afe23c5ada443929e9b9d79e9fbc66cacc07e4e39748"},
    {file = "yarl-1.10.0-cp39-cp39-manylinux_2_17_s390x.manylinux2014_s390x.whl", hash = "sha256:1eafa7317063de4bc310716cdd9026c13f00b1629e649079a6908c3aafdf5046"},
    {file = "yarl-1.10.0-cp39-cp39-manylinux_2_17_x86_64.manylinux2014_x86_64.whl", hash = "sha256:a162cf04fd1e8d81025ec651d14cac4f6e0ca73a3c0a9482de8691b944e3098a"},
    {file = "yarl-1.10.0-cp39-cp39-manylinux_2_5_i686.manylinux1_i686.manylinux_2_17_i686.manylinux2014_i686.whl", hash = "sha256:179b1df5e9cd99234ea65e63d5bfc6dd524b2c3b6cf68a14b94ccbe01ab37ddd"},
    {file = "yarl-1.10.0-cp39-cp39-musllinux_1_2_aarch64.whl", hash = "sha256:32d2e46848dea122484317485129f080220aa84aeb6a9572ad9015107cebeb07"},
    {file = "yarl-1.10.0-cp39-cp39-musllinux_1_2_i686.whl", hash = "sha256:aa1aeb99408be0ca774c5126977eb085fedda6dd7d9198ce4ceb2d06a44325c7"},
    {file = "yarl-1.10.0-cp39-cp39-musllinux_1_2_ppc64le.whl", hash = "sha256:d2366e2f987f69752f0588d2035321aaf24272693d75f7f6bb7e8a0f48f7ccdd"},
    {file = "yarl-1.10.0-cp39-cp39-musllinux_1_2_s390x.whl", hash = "sha256:e8da33665ecc64cd3e593098adb449f9c65b4e3bc6338e75ad592da15453d898"},
    {file = "yarl-1.10.0-cp39-cp39-musllinux_1_2_x86_64.whl", hash = "sha256:5b46c603bee1f2dd407b8358c2afc9b0472a22ccca528f114e1f4cd30dfecd22"},
    {file = "yarl-1.10.0-cp39-cp39-win32.whl", hash = "sha256:96422a3322b4d954f4c52403a2fc129ad118c151ee60a717847fb46a8480d1e1"},
    {file = "yarl-1.10.0-cp39-cp39-win_amd64.whl", hash = "sha256:52d1ae09b0764017e330bb5bf9af760c0168c564225085bb806f687bccffda8a"},
    {file = "yarl-1.10.0-py3-none-any.whl", hash = "sha256:99eaa7d53f509ba1c2fea8fdfec15ba3cd36caca31d57ec6665073b148b5f260"},
    {file = "yarl-1.10.0.tar.gz", hash = "sha256:3bf10a395adac62177ba8ea738617e8de6cbb1cea6aa5d5dd2accde704fc8195"},
]

[package.dependencies]
idna = ">=2.0"
multidict = ">=4.0"

[metadata]
lock-version = "2.0"
python-versions = "3.12.5"
content-hash = "2f59d6d092af3c818182e96a81e30b2600fcde291659b75c99bde4478247493a"
