# This file is automatically @generated by Poetry 1.8.3 and should not be changed by hand.

[[package]]
name = "aiodynamo"
version = "24.7"
description = "Asyncio DynamoDB client"
optional = false
python-versions = "<4.0,>=3.8"
files = [
    {file = "aiodynamo-24.7-py3-none-any.whl", hash = "sha256:4749855dad14e0fe96b09e2d3604582f4bad156b18da90f9612260fd06523913"},
    {file = "aiodynamo-24.7.tar.gz", hash = "sha256:6b34c1505a4aca372d60d140b9cbe7934650d1daa360e55a1e090d86af871dbb"},
]

[package.dependencies]
httpx = {version = ">=0.15.0,<1.0.0", optional = true, markers = "extra == \"httpx\""}
yarl = ">=1.4.2,<2.0.0"

[package.extras]
aiohttp = ["aiohttp (>=3.6.2,<4.0.0)"]
httpx = ["httpx (>=0.15.0,<1.0.0)"]

[[package]]
name = "anyio"
version = "4.4.0"
description = "High level compatibility layer for multiple asynchronous event loop implementations"
optional = false
python-versions = ">=3.8"
files = [
    {file = "anyio-4.4.0-py3-none-any.whl", hash = "sha256:c1b2d8f46a8a812513012e1107cb0e68c17159a7a594208005a57dc776e1bdc7"},
    {file = "anyio-4.4.0.tar.gz", hash = "sha256:5aadc6a1bbb7cdb0bede386cac5e2940f5e2ff3aa20277e991cf028e0585ce94"},
]

[package.dependencies]
idna = ">=2.8"
sniffio = ">=1.1"

[package.extras]
doc = ["Sphinx (>=7)", "packaging", "sphinx-autodoc-typehints (>=1.2.0)", "sphinx-rtd-theme"]
test = ["anyio[trio]", "coverage[toml] (>=7)", "exceptiongroup (>=1.2.0)", "hypothesis (>=4.0)", "psutil (>=5.9)", "pytest (>=7.0)", "pytest-mock (>=3.6.1)", "trustme", "uvloop (>=0.17)"]
trio = ["trio (>=0.23)"]

[[package]]
name = "certifi"
version = "2024.7.4"
description = "Python package for providing Mozilla's CA Bundle."
optional = false
python-versions = ">=3.6"
files = [
    {file = "certifi-2024.7.4-py3-none-any.whl", hash = "sha256:c198e21b1289c2ab85ee4e67bb4b4ef3ead0892059901a8d5b622f24a1101e90"},
    {file = "certifi-2024.7.4.tar.gz", hash = "sha256:5a1e7645bc0ec61a09e26c36f6106dd4cf40c6db3a1fb6352b0244e7fb057c7b"},
]

[[package]]
name = "h11"
version = "0.14.0"
description = "A pure-Python, bring-your-own-I/O implementation of HTTP/1.1"
optional = false
python-versions = ">=3.7"
files = [
    {file = "h11-0.14.0-py3-none-any.whl", hash = "sha256:e3fe4ac4b851c468cc8363d500db52c2ead036020723024a109d37346efaa761"},
    {file = "h11-0.14.0.tar.gz", hash = "sha256:8f19fbbe99e72420ff35c00b27a34cb9937e902a8b810e2c88300c6f0a3b699d"},
]

[[package]]
name = "httpcore"
version = "1.0.5"
description = "A minimal low-level HTTP client."
optional = false
python-versions = ">=3.8"
files = [
    {file = "httpcore-1.0.5-py3-none-any.whl", hash = "sha256:421f18bac248b25d310f3cacd198d55b8e6125c107797b609ff9b7a6ba7991b5"},
    {file = "httpcore-1.0.5.tar.gz", hash = "sha256:34a38e2f9291467ee3b44e89dd52615370e152954ba21721378a87b2960f7a61"},
]

[package.dependencies]
certifi = "*"
h11 = ">=0.13,<0.15"

[package.extras]
asyncio = ["anyio (>=4.0,<5.0)"]
http2 = ["h2 (>=3,<5)"]
socks = ["socksio (==1.*)"]
trio = ["trio (>=0.22.0,<0.26.0)"]

[[package]]
name = "httpx"
version = "0.27.0"
description = "The next generation HTTP client."
optional = false
python-versions = ">=3.8"
files = [
    {file = "httpx-0.27.0-py3-none-any.whl", hash = "sha256:71d5465162c13681bff01ad59b2cc68dd838ea1f10e51574bac27103f00c91a5"},
    {file = "httpx-0.27.0.tar.gz", hash = "sha256:a0cb88a46f32dc874e04ee956e4c2764aba2aa228f650b06788ba6bda2962ab5"},
]

[package.dependencies]
anyio = "*"
certifi = "*"
httpcore = "==1.*"
idna = "*"
sniffio = "*"

[package.extras]
brotli = ["brotli", "brotlicffi"]
cli = ["click (==8.*)", "pygments (==2.*)", "rich (>=10,<14)"]
http2 = ["h2 (>=3,<5)"]
socks = ["socksio (==1.*)"]

[[package]]
name = "idna"
version = "3.7"
description = "Internationalized Domain Names in Applications (IDNA)"
optional = false
python-versions = ">=3.5"
files = [
    {file = "idna-3.7-py3-none-any.whl", hash = "sha256:82fee1fc78add43492d3a1898bfa6d8a904cc97d8427f683ed8e798d07761aa0"},
    {file = "idna-3.7.tar.gz", hash = "sha256:028ff3aadf0609c1fd278d8ea3089299412a7a8b9bd005dd08b9f8285bcb5cfc"},
]

[[package]]
name = "multidict"
version = "6.0.5"
description = "multidict implementation"
optional = false
python-versions = ">=3.7"
files = [
    {file = "multidict-6.0.5-cp310-cp310-macosx_10_9_universal2.whl", hash = "sha256:228b644ae063c10e7f324ab1ab6b548bdf6f8b47f3ec234fef1093bc2735e5f9"},
    {file = "multidict-6.0.5-cp310-cp310-macosx_10_9_x86_64.whl", hash = "sha256:896ebdcf62683551312c30e20614305f53125750803b614e9e6ce74a96232604"},
    {file = "multidict-6.0.5-cp310-cp310-macosx_11_0_arm64.whl", hash = "sha256:411bf8515f3be9813d06004cac41ccf7d1cd46dfe233705933dd163b60e37600"},
    {file = "multidict-6.0.5-cp310-cp310-manylinux_2_17_aarch64.manylinux2014_aarch64.whl", hash = "sha256:1d147090048129ce3c453f0292e7697d333db95e52616b3793922945804a433c"},
    {file = "multidict-6.0.5-cp310-cp310-manylinux_2_17_ppc64le.manylinux2014_ppc64le.whl", hash = "sha256:215ed703caf15f578dca76ee6f6b21b7603791ae090fbf1ef9d865571039ade5"},
    {file = "multidict-6.0.5-cp310-cp310-manylinux_2_17_s390x.manylinux2014_s390x.whl", hash = "sha256:7c6390cf87ff6234643428991b7359b5f59cc15155695deb4eda5c777d2b880f"},
    {file = "multidict-6.0.5-cp310-cp310-manylinux_2_17_x86_64.manylinux2014_x86_64.whl", hash = "sha256:21fd81c4ebdb4f214161be351eb5bcf385426bf023041da2fd9e60681f3cebae"},
    {file = "multidict-6.0.5-cp310-cp310-manylinux_2_5_i686.manylinux1_i686.manylinux_2_17_i686.manylinux2014_i686.whl", hash = "sha256:3cc2ad10255f903656017363cd59436f2111443a76f996584d1077e43ee51182"},
    {file = "multidict-6.0.5-cp310-cp310-musllinux_1_1_aarch64.whl", hash = "sha256:6939c95381e003f54cd4c5516740faba40cf5ad3eeff460c3ad1d3e0ea2549bf"},
    {file = "multidict-6.0.5-cp310-cp310-musllinux_1_1_i686.whl", hash = "sha256:220dd781e3f7af2c2c1053da9fa96d9cf3072ca58f057f4c5adaaa1cab8fc442"},
    {file = "multidict-6.0.5-cp310-cp310-musllinux_1_1_ppc64le.whl", hash = "sha256:766c8f7511df26d9f11cd3a8be623e59cca73d44643abab3f8c8c07620524e4a"},
    {file = "multidict-6.0.5-cp310-cp310-musllinux_1_1_s390x.whl", hash = "sha256:fe5d7785250541f7f5019ab9cba2c71169dc7d74d0f45253f8313f436458a4ef"},
    {file = "multidict-6.0.5-cp310-cp310-musllinux_1_1_x86_64.whl", hash = "sha256:c1c1496e73051918fcd4f58ff2e0f2f3066d1c76a0c6aeffd9b45d53243702cc"},
    {file = "multidict-6.0.5-cp310-cp310-win32.whl", hash = "sha256:7afcdd1fc07befad18ec4523a782cde4e93e0a2bf71239894b8d61ee578c1319"},
    {file = "multidict-6.0.5-cp310-cp310-win_amd64.whl", hash = "sha256:99f60d34c048c5c2fabc766108c103612344c46e35d4ed9ae0673d33c8fb26e8"},
    {file = "multidict-6.0.5-cp311-cp311-macosx_10_9_universal2.whl", hash = "sha256:f285e862d2f153a70586579c15c44656f888806ed0e5b56b64489afe4a2dbfba"},
    {file = "multidict-6.0.5-cp311-cp311-macosx_10_9_x86_64.whl", hash = "sha256:53689bb4e102200a4fafa9de9c7c3c212ab40a7ab2c8e474491914d2305f187e"},
    {file = "multidict-6.0.5-cp311-cp311-macosx_11_0_arm64.whl", hash = "sha256:612d1156111ae11d14afaf3a0669ebf6c170dbb735e510a7438ffe2369a847fd"},
    {file = "multidict-6.0.5-cp311-cp311-manylinux_2_17_aarch64.manylinux2014_aarch64.whl", hash = "sha256:7be7047bd08accdb7487737631d25735c9a04327911de89ff1b26b81745bd4e3"},
    {file = "multidict-6.0.5-cp311-cp311-manylinux_2_17_ppc64le.manylinux2014_ppc64le.whl", hash = "sha256:de170c7b4fe6859beb8926e84f7d7d6c693dfe8e27372ce3b76f01c46e489fcf"},
    {file = "multidict-6.0.5-cp311-cp311-manylinux_2_17_s390x.manylinux2014_s390x.whl", hash = "sha256:04bde7a7b3de05732a4eb39c94574db1ec99abb56162d6c520ad26f83267de29"},
    {file = "multidict-6.0.5-cp311-cp311-manylinux_2_17_x86_64.manylinux2014_x86_64.whl", hash = "sha256:85f67aed7bb647f93e7520633d8f51d3cbc6ab96957c71272b286b2f30dc70ed"},
    {file = "multidict-6.0.5-cp311-cp311-manylinux_2_5_i686.manylinux1_i686.manylinux_2_17_i686.manylinux2014_i686.whl", hash = "sha256:425bf820055005bfc8aa9a0b99ccb52cc2f4070153e34b701acc98d201693733"},
    {file = "multidict-6.0.5-cp311-cp311-musllinux_1_1_aarch64.whl", hash = "sha256:d3eb1ceec286eba8220c26f3b0096cf189aea7057b6e7b7a2e60ed36b373b77f"},
    {file = "multidict-6.0.5-cp311-cp311-musllinux_1_1_i686.whl", hash = "sha256:7901c05ead4b3fb75113fb1dd33eb1253c6d3ee37ce93305acd9d38e0b5f21a4"},
    {file = "multidict-6.0.5-cp311-cp311-musllinux_1_1_ppc64le.whl", hash = "sha256:e0e79d91e71b9867c73323a3444724d496c037e578a0e1755ae159ba14f4f3d1"},
    {file = "multidict-6.0.5-cp311-cp311-musllinux_1_1_s390x.whl", hash = "sha256:29bfeb0dff5cb5fdab2023a7a9947b3b4af63e9c47cae2a10ad58394b517fddc"},
    {file = "multidict-6.0.5-cp311-cp311-musllinux_1_1_x86_64.whl", hash = "sha256:e030047e85cbcedbfc073f71836d62dd5dadfbe7531cae27789ff66bc551bd5e"},
    {file = "multidict-6.0.5-cp311-cp311-win32.whl", hash = "sha256:2f4848aa3baa109e6ab81fe2006c77ed4d3cd1e0ac2c1fbddb7b1277c168788c"},
    {file = "multidict-6.0.5-cp311-cp311-win_amd64.whl", hash = "sha256:2faa5ae9376faba05f630d7e5e6be05be22913782b927b19d12b8145968a85ea"},
    {file = "multidict-6.0.5-cp312-cp312-macosx_10_9_universal2.whl", hash = "sha256:51d035609b86722963404f711db441cf7134f1889107fb171a970c9701f92e1e"},
    {file = "multidict-6.0.5-cp312-cp312-macosx_10_9_x86_64.whl", hash = "sha256:cbebcd5bcaf1eaf302617c114aa67569dd3f090dd0ce8ba9e35e9985b41ac35b"},
    {file = "multidict-6.0.5-cp312-cp312-macosx_11_0_arm64.whl", hash = "sha256:2ffc42c922dbfddb4a4c3b438eb056828719f07608af27d163191cb3e3aa6cc5"},
    {file = "multidict-6.0.5-cp312-cp312-manylinux_2_17_aarch64.manylinux2014_aarch64.whl", hash = "sha256:ceb3b7e6a0135e092de86110c5a74e46bda4bd4fbfeeb3a3bcec79c0f861e450"},
    {file = "multidict-6.0.5-cp312-cp312-manylinux_2_17_ppc64le.manylinux2014_ppc64le.whl", hash = "sha256:79660376075cfd4b2c80f295528aa6beb2058fd289f4c9252f986751a4cd0496"},
    {file = "multidict-6.0.5-cp312-cp312-manylinux_2_17_s390x.manylinux2014_s390x.whl", hash = "sha256:e4428b29611e989719874670fd152b6625500ad6c686d464e99f5aaeeaca175a"},
    {file = "multidict-6.0.5-cp312-cp312-manylinux_2_17_x86_64.manylinux2014_x86_64.whl", hash = "sha256:d84a5c3a5f7ce6db1f999fb9438f686bc2e09d38143f2d93d8406ed2dd6b9226"},
    {file = "multidict-6.0.5-cp312-cp312-manylinux_2_5_i686.manylinux1_i686.manylinux_2_17_i686.manylinux2014_i686.whl", hash = "sha256:76c0de87358b192de7ea9649beb392f107dcad9ad27276324c24c91774ca5271"},
    {file = "multidict-6.0.5-cp312-cp312-musllinux_1_1_aarch64.whl", hash = "sha256:79a6d2ba910adb2cbafc95dad936f8b9386e77c84c35bc0add315b856d7c3abb"},
    {file = "multidict-6.0.5-cp312-cp312-musllinux_1_1_i686.whl", hash = "sha256:92d16a3e275e38293623ebf639c471d3e03bb20b8ebb845237e0d3664914caef"},
    {file = "multidict-6.0.5-cp312-cp312-musllinux_1_1_ppc64le.whl", hash = "sha256:fb616be3538599e797a2017cccca78e354c767165e8858ab5116813146041a24"},
    {file = "multidict-6.0.5-cp312-cp312-musllinux_1_1_s390x.whl", hash = "sha256:14c2976aa9038c2629efa2c148022ed5eb4cb939e15ec7aace7ca932f48f9ba6"},
    {file = "multidict-6.0.5-cp312-cp312-musllinux_1_1_x86_64.whl", hash = "sha256:435a0984199d81ca178b9ae2c26ec3d49692d20ee29bc4c11a2a8d4514c67eda"},
    {file = "multidict-6.0.5-cp312-cp312-win32.whl", hash = "sha256:9fe7b0653ba3d9d65cbe7698cca585bf0f8c83dbbcc710db9c90f478e175f2d5"},
    {file = "multidict-6.0.5-cp312-cp312-win_amd64.whl", hash = "sha256:01265f5e40f5a17f8241d52656ed27192be03bfa8764d88e8220141d1e4b3556"},
    {file = "multidict-6.0.5-cp37-cp37m-macosx_10_9_x86_64.whl", hash = "sha256:19fe01cea168585ba0f678cad6f58133db2aa14eccaf22f88e4a6dccadfad8b3"},
    {file = "multidict-6.0.5-cp37-cp37m-manylinux_2_17_aarch64.manylinux2014_aarch64.whl", hash = "sha256:6bf7a982604375a8d49b6cc1b781c1747f243d91b81035a9b43a2126c04766f5"},
    {file = "multidict-6.0.5-cp37-cp37m-manylinux_2_17_ppc64le.manylinux2014_ppc64le.whl", hash = "sha256:107c0cdefe028703fb5dafe640a409cb146d44a6ae201e55b35a4af8e95457dd"},
    {file = "multidict-6.0.5-cp37-cp37m-manylinux_2_17_s390x.manylinux2014_s390x.whl", hash = "sha256:403c0911cd5d5791605808b942c88a8155c2592e05332d2bf78f18697a5fa15e"},
    {file = "multidict-6.0.5-cp37-cp37m-manylinux_2_17_x86_64.manylinux2014_x86_64.whl", hash = "sha256:aeaf541ddbad8311a87dd695ed9642401131ea39ad7bc8cf3ef3967fd093b626"},
    {file = "multidict-6.0.5-cp37-cp37m-manylinux_2_5_i686.manylinux1_i686.manylinux_2_17_i686.manylinux2014_i686.whl", hash = "sha256:e4972624066095e52b569e02b5ca97dbd7a7ddd4294bf4e7247d52635630dd83"},
    {file = "multidict-6.0.5-cp37-cp37m-musllinux_1_1_aarch64.whl", hash = "sha256:d946b0a9eb8aaa590df1fe082cee553ceab173e6cb5b03239716338629c50c7a"},
    {file = "multidict-6.0.5-cp37-cp37m-musllinux_1_1_i686.whl", hash = "sha256:b55358304d7a73d7bdf5de62494aaf70bd33015831ffd98bc498b433dfe5b10c"},
    {file = "multidict-6.0.5-cp37-cp37m-musllinux_1_1_ppc64le.whl", hash = "sha256:a3145cb08d8625b2d3fee1b2d596a8766352979c9bffe5d7833e0503d0f0b5e5"},
    {file = "multidict-6.0.5-cp37-cp37m-musllinux_1_1_s390x.whl", hash = "sha256:d65f25da8e248202bd47445cec78e0025c0fe7582b23ec69c3b27a640dd7a8e3"},
    {file = "multidict-6.0.5-cp37-cp37m-musllinux_1_1_x86_64.whl", hash = "sha256:c9bf56195c6bbd293340ea82eafd0071cb3d450c703d2c93afb89f93b8386ccc"},
    {file = "multidict-6.0.5-cp37-cp37m-win32.whl", hash = "sha256:69db76c09796b313331bb7048229e3bee7928eb62bab5e071e9f7fcc4879caee"},
    {file = "multidict-6.0.5-cp37-cp37m-win_amd64.whl", hash = "sha256:fce28b3c8a81b6b36dfac9feb1de115bab619b3c13905b419ec71d03a3fc1423"},
    {file = "multidict-6.0.5-cp38-cp38-macosx_10_9_universal2.whl", hash = "sha256:76f067f5121dcecf0d63a67f29080b26c43c71a98b10c701b0677e4a065fbd54"},
    {file = "multidict-6.0.5-cp38-cp38-macosx_10_9_x86_64.whl", hash = "sha256:b82cc8ace10ab5bd93235dfaab2021c70637005e1ac787031f4d1da63d493c1d"},
    {file = "multidict-6.0.5-cp38-cp38-macosx_11_0_arm64.whl", hash = "sha256:5cb241881eefd96b46f89b1a056187ea8e9ba14ab88ba632e68d7a2ecb7aadf7"},
    {file = "multidict-6.0.5-cp38-cp38-manylinux_2_17_aarch64.manylinux2014_aarch64.whl", hash = "sha256:e8e94e6912639a02ce173341ff62cc1201232ab86b8a8fcc05572741a5dc7d93"},
    {file = "multidict-6.0.5-cp38-cp38-manylinux_2_17_ppc64le.manylinux2014_ppc64le.whl", hash = "sha256:09a892e4a9fb47331da06948690ae38eaa2426de97b4ccbfafbdcbe5c8f37ff8"},
    {file = "multidict-6.0.5-cp38-cp38-manylinux_2_17_s390x.manylinux2014_s390x.whl", hash = "sha256:55205d03e8a598cfc688c71ca8ea5f66447164efff8869517f175ea632c7cb7b"},
    {file = "multidict-6.0.5-cp38-cp38-manylinux_2_17_x86_64.manylinux2014_x86_64.whl", hash = "sha256:37b15024f864916b4951adb95d3a80c9431299080341ab9544ed148091b53f50"},
    {file = "multidict-6.0.5-cp38-cp38-manylinux_2_5_i686.manylinux1_i686.manylinux_2_17_i686.manylinux2014_i686.whl", hash = "sha256:f2a1dee728b52b33eebff5072817176c172050d44d67befd681609b4746e1c2e"},
    {file = "multidict-6.0.5-cp38-cp38-musllinux_1_1_aarch64.whl", hash = "sha256:edd08e6f2f1a390bf137080507e44ccc086353c8e98c657e666c017718561b89"},
    {file = "multidict-6.0.5-cp38-cp38-musllinux_1_1_i686.whl", hash = "sha256:60d698e8179a42ec85172d12f50b1668254628425a6bd611aba022257cac1386"},
    {file = "multidict-6.0.5-cp38-cp38-musllinux_1_1_ppc64le.whl", hash = "sha256:3d25f19500588cbc47dc19081d78131c32637c25804df8414463ec908631e453"},
    {file = "multidict-6.0.5-cp38-cp38-musllinux_1_1_s390x.whl", hash = "sha256:4cc0ef8b962ac7a5e62b9e826bd0cd5040e7d401bc45a6835910ed699037a461"},
    {file = "multidict-6.0.5-cp38-cp38-musllinux_1_1_x86_64.whl", hash = "sha256:eca2e9d0cc5a889850e9bbd68e98314ada174ff6ccd1129500103df7a94a7a44"},
    {file = "multidict-6.0.5-cp38-cp38-win32.whl", hash = "sha256:4a6a4f196f08c58c59e0b8ef8ec441d12aee4125a7d4f4fef000ccb22f8d7241"},
    {file = "multidict-6.0.5-cp38-cp38-win_amd64.whl", hash = "sha256:0275e35209c27a3f7951e1ce7aaf93ce0d163b28948444bec61dd7badc6d3f8c"},
    {file = "multidict-6.0.5-cp39-cp39-macosx_10_9_universal2.whl", hash = "sha256:e7be68734bd8c9a513f2b0cfd508802d6609da068f40dc57d4e3494cefc92929"},
    {file = "multidict-6.0.5-cp39-cp39-macosx_10_9_x86_64.whl", hash = "sha256:1d9ea7a7e779d7a3561aade7d596649fbecfa5c08a7674b11b423783217933f9"},
    {file = "multidict-6.0.5-cp39-cp39-macosx_11_0_arm64.whl", hash = "sha256:ea1456df2a27c73ce51120fa2f519f1bea2f4a03a917f4a43c8707cf4cbbae1a"},
    {file = "multidict-6.0.5-cp39-cp39-manylinux_2_17_aarch64.manylinux2014_aarch64.whl", hash = "sha256:cf590b134eb70629e350691ecca88eac3e3b8b3c86992042fb82e3cb1830d5e1"},
    {file = "multidict-6.0.5-cp39-cp39-manylinux_2_17_ppc64le.manylinux2014_ppc64le.whl", hash = "sha256:5c0631926c4f58e9a5ccce555ad7747d9a9f8b10619621f22f9635f069f6233e"},
    {file = "multidict-6.0.5-cp39-cp39-manylinux_2_17_s390x.manylinux2014_s390x.whl", hash = "sha256:dce1c6912ab9ff5f179eaf6efe7365c1f425ed690b03341911bf4939ef2f3046"},
    {file = "multidict-6.0.5-cp39-cp39-manylinux_2_17_x86_64.manylinux2014_x86_64.whl", hash = "sha256:c0868d64af83169e4d4152ec612637a543f7a336e4a307b119e98042e852ad9c"},
    {file = "multidict-6.0.5-cp39-cp39-manylinux_2_5_i686.manylinux1_i686.manylinux_2_17_i686.manylinux2014_i686.whl", hash = "sha256:141b43360bfd3bdd75f15ed811850763555a251e38b2405967f8e25fb43f7d40"},
    {file = "multidict-6.0.5-cp39-cp39-musllinux_1_1_aarch64.whl", hash = "sha256:7df704ca8cf4a073334e0427ae2345323613e4df18cc224f647f251e5e75a527"},
    {file = "multidict-6.0.5-cp39-cp39-musllinux_1_1_i686.whl", hash = "sha256:6214c5a5571802c33f80e6c84713b2c79e024995b9c5897f794b43e714daeec9"},
    {file = "multidict-6.0.5-cp39-cp39-musllinux_1_1_ppc64le.whl", hash = "sha256:cd6c8fca38178e12c00418de737aef1261576bd1b6e8c6134d3e729a4e858b38"},
    {file = "multidict-6.0.5-cp39-cp39-musllinux_1_1_s390x.whl", hash = "sha256:e02021f87a5b6932fa6ce916ca004c4d441509d33bbdbeca70d05dff5e9d2479"},
    {file = "multidict-6.0.5-cp39-cp39-musllinux_1_1_x86_64.whl", hash = "sha256:ebd8d160f91a764652d3e51ce0d2956b38efe37c9231cd82cfc0bed2e40b581c"},
    {file = "multidict-6.0.5-cp39-cp39-win32.whl", hash = "sha256:04da1bb8c8dbadf2a18a452639771951c662c5ad03aefe4884775454be322c9b"},
    {file = "multidict-6.0.5-cp39-cp39-win_amd64.whl", hash = "sha256:d6f6d4f185481c9669b9447bf9d9cf3b95a0e9df9d169bbc17e363b7d5487755"},
    {file = "multidict-6.0.5-py3-none-any.whl", hash = "sha256:0d63c74e3d7ab26de115c49bffc92cc77ed23395303d496eae515d4204a625e7"},
    {file = "multidict-6.0.5.tar.gz", hash = "sha256:f7e301075edaf50500f0b341543c41194d8df3ae5caf4702f2095f3ca73dd8da"},
]

[[package]]
name = "sniffio"
version = "1.3.1"
description = "Sniff out which async library your code is running under"
optional = false
python-versions = ">=3.7"
files = [
    {file = "sniffio-1.3.1-py3-none-any.whl", hash = "sha256:2f6da418d1f1e0fddd844478f41680e794e6051915791a034ff65e5f100525a2"},
    {file = "sniffio-1.3.1.tar.gz", hash = "sha256:f4324edc670a0f49750a81b895f35c3adb843cca46f0530f79fc1babb23789dc"},
]

[[package]]
name = "yarl"
version = "1.9.6"
description = "Yet another URL library"
optional = false
python-versions = ">=3.8"
files = [
    {file = "yarl-1.9.6-cp310-cp310-macosx_10_9_universal2.whl", hash = "sha256:4300c792fa8a9bd2b3649b8f7a7b184128552c799d1593b8e866c5784aacf064"},
    {file = "yarl-1.9.6-cp310-cp310-macosx_10_9_x86_64.whl", hash = "sha256:3777804ae06edfc354c757419e89eb3d640ff04d6477aed76fe0afe72e6e6e48"},
    {file = "yarl-1.9.6-cp310-cp310-macosx_11_0_arm64.whl", hash = "sha256:d602e77ff2bf949064e88cb6c41f1d7fe4698ddfec7ccdb628d419886136d437"},
    {file = "yarl-1.9.6-cp310-cp310-manylinux_2_17_aarch64.manylinux2014_aarch64.whl", hash = "sha256:2c14f5d3220575a0392bd06028342e0527c3a873c72d87879418ff32919a6f11"},
    {file = "yarl-1.9.6-cp310-cp310-manylinux_2_17_ppc64le.manylinux2014_ppc64le.whl", hash = "sha256:92c65fa0bb904a1d24a5f6f9929feaa1573f93a1da5e3843136d28161c5d2cfd"},
    {file = "yarl-1.9.6-cp310-cp310-manylinux_2_17_s390x.manylinux2014_s390x.whl", hash = "sha256:1cfa9b9ce66e9939e1dafdb9d951cedcebf4e3bec999c9bc84ba16d246f6fd8f"},
    {file = "yarl-1.9.6-cp310-cp310-manylinux_2_17_x86_64.manylinux2014_x86_64.whl", hash = "sha256:a73607a01744ff6631f6b7a2e78c73ea24f025c1808f5c246957b92d8da56362"},
    {file = "yarl-1.9.6-cp310-cp310-manylinux_2_5_i686.manylinux1_i686.manylinux_2_17_i686.manylinux2014_i686.whl", hash = "sha256:1ce5ee549d3f8236327be68e4a3bda15b57137077d535dcc3dc4a521e8999536"},
    {file = "yarl-1.9.6-cp310-cp310-musllinux_1_2_aarch64.whl", hash = "sha256:990a69a85f5dc9ceeeff76dce4f53ff8eea758f127ad5c7ed07af4ec406d0712"},
    {file = "yarl-1.9.6-cp310-cp310-musllinux_1_2_i686.whl", hash = "sha256:6a194c57d3254579c830e3ab9a3a828f5bf4fed62b1fcc662446e7d6683d84e3"},
    {file = "yarl-1.9.6-cp310-cp310-musllinux_1_2_ppc64le.whl", hash = "sha256:25645b4dd57c71bd90d090eb84b962d1977ba9b1633de8726b5acd2e17637fbf"},
    {file = "yarl-1.9.6-cp310-cp310-musllinux_1_2_s390x.whl", hash = "sha256:f3c9c928cbd159b8f89aded601e6844d926be33434fdde7cee2b843a4364aa02"},
    {file = "yarl-1.9.6-cp310-cp310-musllinux_1_2_x86_64.whl", hash = "sha256:15041b0b0a245a718551af98047accae093b7aa8f2fc085a6fdf85244c6a2034"},
    {file = "yarl-1.9.6-cp310-cp310-win32.whl", hash = "sha256:40eb9f092b9d576c3ca97dc405538914bcc96be1bd2099c8dc4bf2fe78b54c03"},
    {file = "yarl-1.9.6-cp310-cp310-win_amd64.whl", hash = "sha256:da47fb9ba6d18a3f63365da141399ad56a2b00d0432bbd0e0b2ee534acfef430"},
    {file = "yarl-1.9.6-cp311-cp311-macosx_10_9_universal2.whl", hash = "sha256:fee93d050e834fe12ec65e3fa762a24be622f19d7d4dd1d16ea99daab5568a3a"},
    {file = "yarl-1.9.6-cp311-cp311-macosx_10_9_x86_64.whl", hash = "sha256:ad189fe2c7e0b38cd42d9053c90ab5edc85c9169b6c495c2415b9c74e88cca9e"},
    {file = "yarl-1.9.6-cp311-cp311-macosx_11_0_arm64.whl", hash = "sha256:cbf3bb663138621aad571446bab804cbd4f69bdebcb952d555d0ba4bd19e4bb6"},
    {file = "yarl-1.9.6-cp311-cp311-manylinux_2_17_aarch64.manylinux2014_aarch64.whl", hash = "sha256:fb9ed9849918bf4b1262a2b323844c0751dab5151481a9f2a1d1a7794506b692"},
    {file = "yarl-1.9.6-cp311-cp311-manylinux_2_17_ppc64le.manylinux2014_ppc64le.whl", hash = "sha256:5805cf7060eee1c928731eae8d2999b1dbcc158a1fdd53bc88819258b8cdf4d9"},
    {file = "yarl-1.9.6-cp311-cp311-manylinux_2_17_s390x.manylinux2014_s390x.whl", hash = "sha256:19fd2614cc11ca01460e9198ffb80da58ada3404e92c23dd352bd7b1a93a6400"},
    {file = "yarl-1.9.6-cp311-cp311-manylinux_2_17_x86_64.manylinux2014_x86_64.whl", hash = "sha256:9f22fd081fa74590f2de817fb0f8bd3329baa96f2f3baad53210c8864bbbe6d7"},
    {file = "yarl-1.9.6-cp311-cp311-manylinux_2_5_i686.manylinux1_i686.manylinux_2_17_i686.manylinux2014_i686.whl", hash = "sha256:9da6010b1f7f1a6a0804190ed895f3425c03230ff9bbb0edde961221e33e2447"},
    {file = "yarl-1.9.6-cp311-cp311-musllinux_1_2_aarch64.whl", hash = "sha256:9c5a5425ea221ed548bc0b7db089b6e69f0abcb9b318d2f81e252ce1a87cb432"},
    {file = "yarl-1.9.6-cp311-cp311-musllinux_1_2_i686.whl", hash = "sha256:c79acad3d6805b0701ffd4789dc14020cdb1977c436e3b81ba7a507e497f7146"},
    {file = "yarl-1.9.6-cp311-cp311-musllinux_1_2_ppc64le.whl", hash = "sha256:61f9e9c51717651319ea1f3bfd838979ad13e0a086abae1055b72e21a35c86ee"},
    {file = "yarl-1.9.6-cp311-cp311-musllinux_1_2_s390x.whl", hash = "sha256:6caebfbade5e4f19d6c2caf0f3cb56c788ff22aaf6c93d8e4c57d6e6457c5002"},
    {file = "yarl-1.9.6-cp311-cp311-musllinux_1_2_x86_64.whl", hash = "sha256:e1df9ce83a30e3580cba87a050e2a4635a806d96633ecd99d1e6f3b329a855be"},
    {file = "yarl-1.9.6-cp311-cp311-win32.whl", hash = "sha256:72556c7273b3c1f9e2eaf3f4caa2de597ab2aaec06d87c7a5840522838660316"},
    {file = "yarl-1.9.6-cp311-cp311-win_amd64.whl", hash = "sha256:ef6563bfa47b8f51e37ec4cd867690c4da5be075daa63e7348a72c486f71b056"},
    {file = "yarl-1.9.6-cp312-cp312-macosx_10_9_universal2.whl", hash = "sha256:495c251bf439d3d40ee99eb25e2d8af2fb100b4727a1ca82624273fcb0146680"},
    {file = "yarl-1.9.6-cp312-cp312-macosx_10_9_x86_64.whl", hash = "sha256:89b3b220eca621a4155f3affb16e203e2c9d5de894a864fec29e6674018f2622"},
    {file = "yarl-1.9.6-cp312-cp312-macosx_11_0_arm64.whl", hash = "sha256:4275e619a95c61a793c47fcd5f1fe9aa88273bdd56e09594bfb7d0784dd4ffdd"},
    {file = "yarl-1.9.6-cp312-cp312-manylinux_2_17_aarch64.manylinux2014_aarch64.whl", hash = "sha256:2b84baedf1ea3986940d1e88e9f26688a06635c250b9ce14ca4f64355ab33caf"},
    {file = "yarl-1.9.6-cp312-cp312-manylinux_2_17_ppc64le.manylinux2014_ppc64le.whl", hash = "sha256:494dbe74318ed7190e3a189973600a50b8d3b2027f6915fc3265d5e0dc465077"},
    {file = "yarl-1.9.6-cp312-cp312-manylinux_2_17_s390x.manylinux2014_s390x.whl", hash = "sha256:0ecb0c3f5fa89dfbb926dd743c6c28868b85ff22570f1a82f772515bf535ad54"},
    {file = "yarl-1.9.6-cp312-cp312-manylinux_2_17_x86_64.manylinux2014_x86_64.whl", hash = "sha256:70751d8bb5dacce02b808f7bb71545d658e5a21e4b312f0a20f6de4d5e007211"},
    {file = "yarl-1.9.6-cp312-cp312-manylinux_2_5_i686.manylinux1_i686.manylinux_2_17_i686.manylinux2014_i686.whl", hash = "sha256:fc6a25684df320e49b17eb34bc7638cc3dac5d70f4ff3b15ec25f29156a304ea"},
    {file = "yarl-1.9.6-cp312-cp312-musllinux_1_2_aarch64.whl", hash = "sha256:d466e1b28338910c2d7e54a22a0542d7a4f989c7a4824f4b40d2f2a14d97b65c"},
    {file = "yarl-1.9.6-cp312-cp312-musllinux_1_2_i686.whl", hash = "sha256:50a024dc446ef0b0bc96176c6bfd6b9825e2d306a3e2be8fad09406e7b3630e7"},
    {file = "yarl-1.9.6-cp312-cp312-musllinux_1_2_ppc64le.whl", hash = "sha256:7e00e3e33a51ff8059bdec30336b3910fdfc121e2d1ed0c51d28a4198411eafc"},
    {file = "yarl-1.9.6-cp312-cp312-musllinux_1_2_s390x.whl", hash = "sha256:d6609652c8fbe903be56782fb99a2e481a7ef5382900988baca9312da72dfede"},
    {file = "yarl-1.9.6-cp312-cp312-musllinux_1_2_x86_64.whl", hash = "sha256:ad199a15f616abfecb1e8eec053e1193c75c21fca136b5a401123c3e78ee989d"},
    {file = "yarl-1.9.6-cp312-cp312-win32.whl", hash = "sha256:0d41d541080730548f6c03932bfe7b08aff964a172fa5623695970ceac349cc2"},
    {file = "yarl-1.9.6-cp312-cp312-win_amd64.whl", hash = "sha256:9a88b543175dc9884d919eab40bd3d39c99b6dedaa17910f6f431d0c3495d212"},
    {file = "yarl-1.9.6-cp313-cp313-macosx_10_13_universal2.whl", hash = "sha256:a314f4f481d881f698148260036752e56934b59692f717258a65f61e342d392c"},
    {file = "yarl-1.9.6-cp313-cp313-macosx_10_13_x86_64.whl", hash = "sha256:95053ac3b499a5638718ed33c2e7d2724ef3d4e9c0f0e286675506ab026aedd7"},
    {file = "yarl-1.9.6-cp313-cp313-macosx_11_0_arm64.whl", hash = "sha256:076ce8699521f6e5acd6c69fb6de96d7f78d9ec6384b162cbf1039159997e7a6"},
    {file = "yarl-1.9.6-cp313-cp313-manylinux_2_17_aarch64.manylinux2014_aarch64.whl", hash = "sha256:a0999c76aa302455f64d59ec8fa34718fed0427fd069c790cfcc6940d6b17a49"},
    {file = "yarl-1.9.6-cp313-cp313-manylinux_2_17_ppc64le.manylinux2014_ppc64le.whl", hash = "sha256:2865c25ab6ab5a93bda6278920e3918b57a3b12b4b07c7207060a5787908c57a"},
    {file = "yarl-1.9.6-cp313-cp313-manylinux_2_17_s390x.manylinux2014_s390x.whl", hash = "sha256:939779e9f5802305038779651b0062be3eec63bbdc1b9e7c3ea8dfde58a74663"},
    {file = "yarl-1.9.6-cp313-cp313-manylinux_2_17_x86_64.manylinux2014_x86_64.whl", hash = "sha256:4aebcedf28b02a4d575aeb67c3dc4b6b0533b72231298cf2b0fd7e3060decfe5"},
    {file = "yarl-1.9.6-cp313-cp313-manylinux_2_5_i686.manylinux1_i686.manylinux_2_17_i686.manylinux2014_i686.whl", hash = "sha256:e8e91970222df517b6de5346c74a246919a5d3f4a8fd4117b0b1dd9d935eb648"},
    {file = "yarl-1.9.6-cp313-cp313-musllinux_1_2_aarch64.whl", hash = "sha256:443bb24327e3b2a65a646f79d45acbf883b46c7ebc8ea5fbb6057e124a2ffb84"},
    {file = "yarl-1.9.6-cp313-cp313-musllinux_1_2_i686.whl", hash = "sha256:b033089070f63cfbd06f9f3926c56ed2f4abac8bd389e18a086c56603674ae69"},
    {file = "yarl-1.9.6-cp313-cp313-musllinux_1_2_ppc64le.whl", hash = "sha256:852e213f2fe6a1605c87dfd9bea69a43090cb47daf49991bbeb35ad4a21c87bb"},
    {file = "yarl-1.9.6-cp313-cp313-musllinux_1_2_s390x.whl", hash = "sha256:683abc326e3cca63ec3bd0785b44fe39237822737b99453956817214b5eca3d4"},
    {file = "yarl-1.9.6-cp313-cp313-musllinux_1_2_x86_64.whl", hash = "sha256:ccea3d444291487f0e044f92a3bd72c2ad2880dde6409ecb7f12c5571022ed0c"},
    {file = "yarl-1.9.6-cp313-cp313-win32.whl", hash = "sha256:dac4e5afad0707beed2d5554cf1003ba0c4ce83578e254a5bac8aa03df9fe2c6"},
    {file = "yarl-1.9.6-cp313-cp313-win_amd64.whl", hash = "sha256:e333ed4bbf317a2424d865ec4836d1f3560e7beee8e0fd0ba44110d9e9174d9f"},
    {file = "yarl-1.9.6-cp38-cp38-macosx_10_9_universal2.whl", hash = "sha256:b75692302951aaa8cdd3284b0d28089c1fcc183e75b78723e9288921dd00cab4"},
    {file = "yarl-1.9.6-cp38-cp38-macosx_10_9_x86_64.whl", hash = "sha256:9de7f08fd02b51068b8e801d26af567fbe4cc7f380638106d4e38b7c8b6349a1"},
    {file = "yarl-1.9.6-cp38-cp38-macosx_11_0_arm64.whl", hash = "sha256:d795a65cbeb0b39487ba6b36265d44f9c7bb0930bb40b26e14964bcff3d6bbc8"},
    {file = "yarl-1.9.6-cp38-cp38-manylinux_2_17_aarch64.manylinux2014_aarch64.whl", hash = "sha256:d37f8bb65b50f07118243e68080836a57477d12da3b47c0b5112feb9cb5d8c1f"},
    {file = "yarl-1.9.6-cp38-cp38-manylinux_2_17_ppc64le.manylinux2014_ppc64le.whl", hash = "sha256:080f9ad6076f717d45d8689f3c3ca3f880aeb5c8667ac936d98d9d285a97a549"},
    {file = "yarl-1.9.6-cp38-cp38-manylinux_2_17_s390x.manylinux2014_s390x.whl", hash = "sha256:8a93ef52dbd604ff2e039f310cb405c8e59b91e38198e5ab62ba38169fe4c798"},
    {file = "yarl-1.9.6-cp38-cp38-manylinux_2_17_x86_64.manylinux2014_x86_64.whl", hash = "sha256:9dfb4e7e53e3dd9a4f32818abfe4575e7cc6f5fa002a859529108ed1c657e169"},
    {file = "yarl-1.9.6-cp38-cp38-manylinux_2_5_i686.manylinux1_i686.manylinux_2_17_i686.manylinux2014_i686.whl", hash = "sha256:77a34663752872cece9cf11c495fec50687f56ba4ab999952c3cd4869a6acc39"},
    {file = "yarl-1.9.6-cp38-cp38-musllinux_1_2_aarch64.whl", hash = "sha256:515f396bf29538bdbb817cad03ebc453f903dc9edae03a835d70088042425553"},
    {file = "yarl-1.9.6-cp38-cp38-musllinux_1_2_i686.whl", hash = "sha256:be4df89374aef89ba7200866e47bde89af67edc2bdbe01cae39e9ab7309365f6"},
    {file = "yarl-1.9.6-cp38-cp38-musllinux_1_2_ppc64le.whl", hash = "sha256:e66e5b4c5884d67e892e0dd0cf79f2af6c4b9078841ebb2b2e7a75c3df16b71d"},
    {file = "yarl-1.9.6-cp38-cp38-musllinux_1_2_s390x.whl", hash = "sha256:c1aa72ea579d8615f4f135f55c7f5c1710f9e743fa2576fe903ad75de0777e66"},
    {file = "yarl-1.9.6-cp38-cp38-musllinux_1_2_x86_64.whl", hash = "sha256:f52b1caa08842101b24662507326eb9899471e3f56c28706355f8097a2fad8df"},
    {file = "yarl-1.9.6-cp38-cp38-win32.whl", hash = "sha256:5688e48908f68dd1175a5a775bd562ba431a3ab010593915558f7d143d63cf48"},
    {file = "yarl-1.9.6-cp38-cp38-win_amd64.whl", hash = "sha256:acf846ad1dcd40b549651c984e9ceccd134a3f3f9938a51c77cda75cebc7b46a"},
    {file = "yarl-1.9.6-cp39-cp39-macosx_10_9_universal2.whl", hash = "sha256:4318397b84b417daab204b88929387087846ef1a182b74f7c7565f4c5bf14ec2"},
    {file = "yarl-1.9.6-cp39-cp39-macosx_10_9_x86_64.whl", hash = "sha256:839bce5479c5d2fade4a2619e6232060b56595b08a99397ea38b0e0bef15f59c"},
    {file = "yarl-1.9.6-cp39-cp39-macosx_11_0_arm64.whl", hash = "sha256:58e6d67537b6d93c8bf4102917c337c3bd39bb70f0910b5ca6ff1d102721069c"},
    {file = "yarl-1.9.6-cp39-cp39-manylinux_2_17_aarch64.manylinux2014_aarch64.whl", hash = "sha256:6f5272514166287d89bdb1215da3ccc7f31bce6b481425add8e3d11bdad4e1dc"},
    {file = "yarl-1.9.6-cp39-cp39-manylinux_2_17_ppc64le.manylinux2014_ppc64le.whl", hash = "sha256:ea4b3e4f24e3d60f3361dec53db31bc167dba1f9eb7f861377fa4d681e7afdb4"},
    {file = "yarl-1.9.6-cp39-cp39-manylinux_2_17_s390x.manylinux2014_s390x.whl", hash = "sha256:6ce7a8edd1813118fa79dc5d3aa12cc4735265bac958e173013506fec49b0d78"},
    {file = "yarl-1.9.6-cp39-cp39-manylinux_2_17_x86_64.manylinux2014_x86_64.whl", hash = "sha256:2a24034845530aba47ad087c0190789af142dbc7bca38583e567be2da4ba5b90"},
    {file = "yarl-1.9.6-cp39-cp39-manylinux_2_5_i686.manylinux1_i686.manylinux_2_17_i686.manylinux2014_i686.whl", hash = "sha256:053d5ab41e31c6f86038ba1dca5dc8d1658d0fb105adf2d32606d7727904436b"},
    {file = "yarl-1.9.6-cp39-cp39-musllinux_1_2_aarch64.whl", hash = "sha256:1fa7e4c9118d513a62c493f985e9045a0de072ee4d23a5035e8b77ad30992dbe"},
    {file = "yarl-1.9.6-cp39-cp39-musllinux_1_2_i686.whl", hash = "sha256:f24ce88a0b3f8e59bd27c45633b77699b9a9dc6d23045c3b83f2334e8aa799e8"},
    {file = "yarl-1.9.6-cp39-cp39-musllinux_1_2_ppc64le.whl", hash = "sha256:0a987726abdf4ae961a084e79a03fe9e46fbf419c63d17cf0280cdecc1670b5b"},
    {file = "yarl-1.9.6-cp39-cp39-musllinux_1_2_s390x.whl", hash = "sha256:7abc6a65e8a5909f725efe59f05e26b8eb941a8b475525eaf0ace9c6254fc729"},
    {file = "yarl-1.9.6-cp39-cp39-musllinux_1_2_x86_64.whl", hash = "sha256:69982ee7dce2073fffc50731cb1ae927a715c29d27b4f22b8c2edb56714da8d1"},
    {file = "yarl-1.9.6-cp39-cp39-win32.whl", hash = "sha256:283d7649a2805c64eabd246f763321149a370dc696bfd3f575453cb75506e959"},
    {file = "yarl-1.9.6-cp39-cp39-win_amd64.whl", hash = "sha256:1e0c621ff807414b8a0b964251714e0038a355de6d2a2c67d6bf1db09c3bf38e"},
    {file = "yarl-1.9.6-py3-none-any.whl", hash = "sha256:d34a4c6fde4d49aab493214228d0e03f7e5a717f6da4fe65b879a3af3c22ad7b"},
    {file = "yarl-1.9.6.tar.gz", hash = "sha256:0bdc6a7b59efa0c34c90ef3da864f0c53e81a4640fbc461bfde9f1b0c64c3c81"},
]

[package.dependencies]
idna = ">=2.0"
multidict = ">=4.0"

[metadata]
lock-version = "2.0"
python-versions = "3.12.5"
content-hash = "34609d9961a9252be736dfe8d1ceabc34ade1e96f1d921d808b7103da48923ce"
